
Microsoft Visual Studio Solution File, Format Version 12.00
# Visual Studio Version 16
VisualStudioVersion = 16.0.29324.140
MinimumVisualStudioVersion = 10.0.40219.1
Project("{8BC9CEB8-8B4A-11D0-8D11-00A0C91BC942}") = "Deluppgift 1", "Deluppgift 1\Deluppgift 1.vcxitems", "{3D0AE00B-CFB8-4722-8AE0-7C61E6956202}"
EndProject
Global
	GlobalSection(SolutionProperties) = preSolution
		HideSolutionNode = FALSE
	EndGlobalSection
	GlobalSection(ExtensibilityGlobals) = postSolution
		SolutionGuid = {0A19CFD0-1EB8-4E65-BCAB-427BC9E193A9}
	EndGlobalSection
EndGlobal
